
Microsoft Visual Studio Solution File, Format Version 12.00
# Visual Studio Version 16
VisualStudioVersion = 16.0.31624.102
MinimumVisualStudioVersion = 10.0.40219.1
Project("{9A19103F-16F7-4668-BE54-9A1E7A4F7556}") = "InTechWebApp", "InTechWebApp\InTechWebApp.csproj", "{D474E26E-0ABC-48DF-BEC8-80EBCF23E052}"
EndProject
Project("{9A19103F-16F7-4668-BE54-9A1E7A4F7556}") = "Common", "Common\Common.csproj", "{B0F3F5B1-AA38-4050-A27F-ECBA562FA1FA}"
EndProject
Project("{9A19103F-16F7-4668-BE54-9A1E7A4F7556}") = "IntechWebApi", "IntechWebApi\IntechWebApi.csproj", "{B978E4BA-6893-4833-9EFC-F98C358F41EA}"
EndProject
Project("{2150E333-8FDC-42A3-9474-1A3956D46DE8}") = "Presentation", "Presentation", "{B0564320-73A6-41F1-9FE8-2DCF20DDE169}"
EndProject
Project("{FAE04EC0-301F-11D3-BF4B-00C04F79EFBC}") = "Application", "Application\Application.csproj", "{FA8EB155-E6DD-4CDC-8C89-7E7DD0239774}"
EndProject
Global
	GlobalSection(SolutionConfigurationPlatforms) = preSolution
		Debug|Any CPU = Debug|Any CPU
		Release|Any CPU = Release|Any CPU
	EndGlobalSection
	GlobalSection(ProjectConfigurationPlatforms) = postSolution
		{D474E26E-0ABC-48DF-BEC8-80EBCF23E052}.Debug|Any CPU.ActiveCfg = Debug|Any CPU
		{D474E26E-0ABC-48DF-BEC8-80EBCF23E052}.Debug|Any CPU.Build.0 = Debug|Any CPU
		{D474E26E-0ABC-48DF-BEC8-80EBCF23E052}.Release|Any CPU.ActiveCfg = Release|Any CPU
		{D474E26E-0ABC-48DF-BEC8-80EBCF23E052}.Release|Any CPU.Build.0 = Release|Any CPU
		{B0F3F5B1-AA38-4050-A27F-ECBA562FA1FA}.Debug|Any CPU.ActiveCfg = Debug|Any CPU
		{B0F3F5B1-AA38-4050-A27F-ECBA562FA1FA}.Debug|Any CPU.Build.0 = Debug|Any CPU
		{B0F3F5B1-AA38-4050-A27F-ECBA562FA1FA}.Release|Any CPU.ActiveCfg = Release|Any CPU
		{B0F3F5B1-AA38-4050-A27F-ECBA562FA1FA}.Release|Any CPU.Build.0 = Release|Any CPU
		{B978E4BA-6893-4833-9EFC-F98C358F41EA}.Debug|Any CPU.ActiveCfg = Debug|Any CPU
		{B978E4BA-6893-4833-9EFC-F98C358F41EA}.Debug|Any CPU.Build.0 = Debug|Any CPU
		{B978E4BA-6893-4833-9EFC-F98C358F41EA}.Release|Any CPU.ActiveCfg = Release|Any CPU
		{B978E4BA-6893-4833-9EFC-F98C358F41EA}.Release|Any CPU.Build.0 = Release|Any CPU
		{FA8EB155-E6DD-4CDC-8C89-7E7DD0239774}.Debug|Any CPU.ActiveCfg = Debug|Any CPU
		{FA8EB155-E6DD-4CDC-8C89-7E7DD0239774}.Debug|Any CPU.Build.0 = Debug|Any CPU
		{FA8EB155-E6DD-4CDC-8C89-7E7DD0239774}.Release|Any CPU.ActiveCfg = Release|Any CPU
		{FA8EB155-E6DD-4CDC-8C89-7E7DD0239774}.Release|Any CPU.Build.0 = Release|Any CPU
	EndGlobalSection
	GlobalSection(SolutionProperties) = preSolution
		HideSolutionNode = FALSE
	EndGlobalSection
	GlobalSection(NestedProjects) = preSolution
		{D474E26E-0ABC-48DF-BEC8-80EBCF23E052} = {B0564320-73A6-41F1-9FE8-2DCF20DDE169}
		{B978E4BA-6893-4833-9EFC-F98C358F41EA} = {B0564320-73A6-41F1-9FE8-2DCF20DDE169}
	EndGlobalSection
	GlobalSection(ExtensibilityGlobals) = postSolution
		SolutionGuid = {A9AF0878-E819-4CEC-96CD-F7BDC889FC83}
	EndGlobalSection
EndGlobal
